// !$*UTF8*$!
{
	archiveVersion = 1;
	classes = {
	};
	objectVersion = 56;
	objects = {

/* Begin PBXBuildFile section */
		47136A0F2BB3FE8000710AF8 /* Pacifico-Regular.ttf in Resources */ = {isa = PBXBuildFile; fileRef = 47136A0E2BB3FE8000710AF8 /* Pacifico-Regular.ttf */; };
		47136A122BB4043A00710AF8 /* IndieFlower-Regular.ttf in Resources */ = {isa = PBXBuildFile; fileRef = 47136A112BB4043A00710AF8 /* IndieFlower-Regular.ttf */; };
		47136A162BB4182900710AF8 /* LoginScreen.swift in Sources */ = {isa = PBXBuildFile; fileRef = 47136A152BB4182900710AF8 /* LoginScreen.swift */; };
		4717943F2BEA619800D97135 /* TherapyPageViewController.swift in Sources */ = {isa = PBXBuildFile; fileRef = 4717943E2BEA619800D97135 /* TherapyPageViewController.swift */; };
		471794412BEA64CA00D97135 /* BaseHostingViewController.swift in Sources */ = {isa = PBXBuildFile; fileRef = 471794402BEA64CA00D97135 /* BaseHostingViewController.swift */; };
		474B45B72C6BBA25009F4021 /* TherapyPage.swift in Sources */ = {isa = PBXBuildFile; fileRef = 474B45B62C6BBA24009F4021 /* TherapyPage.swift */; };
		474B45B92C7372E8009F4021 /* HomeView2.swift in Sources */ = {isa = PBXBuildFile; fileRef = 474B45B82C7372E8009F4021 /* HomeView2.swift */; };
		474B45BF2C739EA5009F4021 /* BarList.swift in Sources */ = {isa = PBXBuildFile; fileRef = 474B45BE2C739EA5009F4021 /* BarList.swift */; };
		474B45C52C73A507009F4021 /* Bars.swift in Sources */ = {isa = PBXBuildFile; fileRef = 474B45C42C73A507009F4021 /* Bars.swift */; };
		474B45D12C74EDF2009F4021 /* Clubs.swift in Sources */ = {isa = PBXBuildFile; fileRef = 474B45D02C74EDF2009F4021 /* Clubs.swift */; };
		474B45D32C74EEA2009F4021 /* ClubList.swift in Sources */ = {isa = PBXBuildFile; fileRef = 474B45D22C74EEA2009F4021 /* ClubList.swift */; };
		474B45D72C7513F8009F4021 /* Restaurants.swift in Sources */ = {isa = PBXBuildFile; fileRef = 474B45D62C7513F8009F4021 /* Restaurants.swift */; };
		474B45D92C75140D009F4021 /* RestaurantsList.swift in Sources */ = {isa = PBXBuildFile; fileRef = 474B45D82C75140D009F4021 /* RestaurantsList.swift */; };
		474B45DC2C7529FC009F4021 /* BarcadiaView.swift in Sources */ = {isa = PBXBuildFile; fileRef = 474B45DB2C7529FC009F4021 /* BarcadiaView.swift */; };
		47663D6C2BCEB6F500A79765 /* ShadowsIntoLight-Regular.ttf in Resources */ = {isa = PBXBuildFile; fileRef = 47663D6A2BCEB6F500A79765 /* ShadowsIntoLight-Regular.ttf */; };
		47663D6D2BCEB6F500A79765 /* OFL.txt in Resources */ = {isa = PBXBuildFile; fileRef = 47663D6B2BCEB6F500A79765 /* OFL.txt */; };
		47854D1C2BAAEFF1003B93F1 /* SwiftPickApp.swift in Sources */ = {isa = PBXBuildFile; fileRef = 47854D1B2BAAEFF1003B93F1 /* SwiftPickApp.swift */; };
		47854D1E2BAAEFF1003B93F1 /* ContentView.swift in Sources */ = {isa = PBXBuildFile; fileRef = 47854D1D2BAAEFF1003B93F1 /* ContentView.swift */; };
		47854D202BAAEFF5003B93F1 /* Assets.xcassets in Resources */ = {isa = PBXBuildFile; fileRef = 47854D1F2BAAEFF5003B93F1 /* Assets.xcassets */; };
		47854D232BAAEFF5003B93F1 /* Preview Assets.xcassets in Resources */ = {isa = PBXBuildFile; fileRef = 47854D222BAAEFF5003B93F1 /* Preview Assets.xcassets */; };
		4792E3B92C76214000982637 /* Shopping.swift in Sources */ = {isa = PBXBuildFile; fileRef = 4792E3B82C76214000982637 /* Shopping.swift */; };
		4792E3BB2C76214F00982637 /* ShoppingList.swift in Sources */ = {isa = PBXBuildFile; fileRef = 4792E3BA2C76214F00982637 /* ShoppingList.swift */; };
		4792E3BE2C76427D00982637 /* Beaches.swift in Sources */ = {isa = PBXBuildFile; fileRef = 4792E3BD2C76427D00982637 /* Beaches.swift */; };
		4792E3C02C76428C00982637 /* BeachesList.swift in Sources */ = {isa = PBXBuildFile; fileRef = 4792E3BF2C76428C00982637 /* BeachesList.swift */; };
		4792E3C32C764BD000982637 /* Hiking.swift in Sources */ = {isa = PBXBuildFile; fileRef = 4792E3C22C764BD000982637 /* Hiking.swift */; };
		4792E3C92C764E7C00982637 /* HikingList.swift in Sources */ = {isa = PBXBuildFile; fileRef = 4792E3C82C764E7C00982637 /* HikingList.swift */; };
		4792E3D02C778E2500982637 /* CommonBottomView.swift in Sources */ = {isa = PBXBuildFile; fileRef = 4792E3CF2C778E2500982637 /* CommonBottomView.swift */; };
		4792E3D32C7DFACB00982637 /* ProfileView.swift in Sources */ = {isa = PBXBuildFile; fileRef = 4792E3D22C7DFACB00982637 /* ProfileView.swift */; };
		479AEC0E2C9D9101009B444A /* FirebaseAnalytics in Frameworks */ = {isa = PBXBuildFile; productRef = 479AEC0D2C9D9101009B444A /* FirebaseAnalytics */; };
		479AEC102C9D9101009B444A /* FirebaseAuth in Frameworks */ = {isa = PBXBuildFile; productRef = 479AEC0F2C9D9101009B444A /* FirebaseAuth */; };
		479AEC122C9D9101009B444A /* FirebaseDatabase in Frameworks */ = {isa = PBXBuildFile; productRef = 479AEC112C9D9101009B444A /* FirebaseDatabase */; };
		479AEC142C9D926B009B444A /* GoogleService-Info.plist in Resources */ = {isa = PBXBuildFile; fileRef = 479AEC132C9D926B009B444A /* GoogleService-Info.plist */; };
		479AEC172C9D951F009B444A /* RegisterViewController.swift in Sources */ = {isa = PBXBuildFile; fileRef = 479AEC162C9D951F009B444A /* RegisterViewController.swift */; };
		479AEC192C9D9DDA009B444A /* LoginViewModel.swift in Sources */ = {isa = PBXBuildFile; fileRef = 479AEC182C9D9DDA009B444A /* LoginViewModel.swift */; };
		47BF8C962BCE5D300002CE15 /* CustomTextField.swift in Sources */ = {isa = PBXBuildFile; fileRef = 47BF8C952BCE5D300002CE15 /* CustomTextField.swift */; };
		47BF8C982BCE5DBF0002CE15 /* CustomSecureField.swift in Sources */ = {isa = PBXBuildFile; fileRef = 47BF8C972BCE5DBF0002CE15 /* CustomSecureField.swift */; };
		47BF8C9A2BCE6BC00002CE15 /* RegisterScreen.swift in Sources */ = {isa = PBXBuildFile; fileRef = 47BF8C992BCE6BBF0002CE15 /* RegisterScreen.swift */; };
		47BF8C9D2BCE74080002CE15 /* LandingScreen.swift in Sources */ = {isa = PBXBuildFile; fileRef = 47BF8C9C2BCE74080002CE15 /* LandingScreen.swift */; };
		47C08A2F2BDFE1430017D153 /* BlondiePage.swift in Sources */ = {isa = PBXBuildFile; fileRef = 47C08A2E2BDFE1430017D153 /* BlondiePage.swift */; };
		47CE4CBF2BD169F0006806E9 /* YTPage.swift in Sources */ = {isa = PBXBuildFile; fileRef = 47CE4CBE2BD169F0006806E9 /* YTPage.swift */; };
		47CE4CC22BD29A03006806E9 /* WaitingRoomPage.swift in Sources */ = {isa = PBXBuildFile; fileRef = 47CE4CC12BD29A03006806E9 /* WaitingRoomPage.swift */; };
/* End PBXBuildFile section */

/* Begin PBXFileReference section */
		47136A0E2BB3FE8000710AF8 /* Pacifico-Regular.ttf */ = {isa = PBXFileReference; lastKnownFileType = file; path = "Pacifico-Regular.ttf"; sourceTree = "<group>"; };
		47136A102BB3FF5100710AF8 /* Info.plist */ = {isa = PBXFileReference; lastKnownFileType = text.plist; path = Info.plist; sourceTree = "<group>"; };
		47136A112BB4043A00710AF8 /* IndieFlower-Regular.ttf */ = {isa = PBXFileReference; lastKnownFileType = file; path = "IndieFlower-Regular.ttf"; sourceTree = "<group>"; };
		47136A152BB4182900710AF8 /* LoginScreen.swift */ = {isa = PBXFileReference; lastKnownFileType = sourcecode.swift; path = LoginScreen.swift; sourceTree = "<group>"; wrapsLines = 0; };
		4717943E2BEA619800D97135 /* TherapyPageViewController.swift */ = {isa = PBXFileReference; lastKnownFileType = sourcecode.swift; path = TherapyPageViewController.swift; sourceTree = "<group>"; };
		471794402BEA64CA00D97135 /* BaseHostingViewController.swift */ = {isa = PBXFileReference; lastKnownFileType = sourcecode.swift; path = BaseHostingViewController.swift; sourceTree = "<group>"; };
		474B45B62C6BBA24009F4021 /* TherapyPage.swift */ = {isa = PBXFileReference; lastKnownFileType = sourcecode.swift; path = TherapyPage.swift; sourceTree = "<group>"; };
		474B45B82C7372E8009F4021 /* HomeView2.swift */ = {isa = PBXFileReference; lastKnownFileType = sourcecode.swift; path = HomeView2.swift; sourceTree = "<group>"; };
		474B45BE2C739EA5009F4021 /* BarList.swift */ = {isa = PBXFileReference; lastKnownFileType = sourcecode.swift; name = BarList.swift; path = ../../BarList.swift; sourceTree = "<group>"; };
		474B45C42C73A507009F4021 /* Bars.swift */ = {isa = PBXFileReference; lastKnownFileType = sourcecode.swift; name = Bars.swift; path = SwiftPick/View/Bars.swift; sourceTree = SOURCE_ROOT; };
		474B45D02C74EDF2009F4021 /* Clubs.swift */ = {isa = PBXFileReference; lastKnownFileType = sourcecode.swift; path = Clubs.swift; sourceTree = "<group>"; };
		474B45D22C74EEA2009F4021 /* ClubList.swift */ = {isa = PBXFileReference; lastKnownFileType = sourcecode.swift; path = ClubList.swift; sourceTree = "<group>"; };
		474B45D62C7513F8009F4021 /* Restaurants.swift */ = {isa = PBXFileReference; lastKnownFileType = sourcecode.swift; path = Restaurants.swift; sourceTree = "<group>"; };
		474B45D82C75140D009F4021 /* RestaurantsList.swift */ = {isa = PBXFileReference; lastKnownFileType = sourcecode.swift; path = RestaurantsList.swift; sourceTree = "<group>"; };
		474B45DB2C7529FC009F4021 /* BarcadiaView.swift */ = {isa = PBXFileReference; lastKnownFileType = sourcecode.swift; path = BarcadiaView.swift; sourceTree = "<group>"; };
		47663D6A2BCEB6F500A79765 /* ShadowsIntoLight-Regular.ttf */ = {isa = PBXFileReference; lastKnownFileType = file; path = "ShadowsIntoLight-Regular.ttf"; sourceTree = "<group>"; };
		47663D6B2BCEB6F500A79765 /* OFL.txt */ = {isa = PBXFileReference; fileEncoding = 4; lastKnownFileType = text; path = OFL.txt; sourceTree = "<group>"; };
		47854D182BAAEFF1003B93F1 /* SwiftPick.app */ = {isa = PBXFileReference; explicitFileType = wrapper.application; includeInIndex = 0; path = SwiftPick.app; sourceTree = BUILT_PRODUCTS_DIR; };
		47854D1B2BAAEFF1003B93F1 /* SwiftPickApp.swift */ = {isa = PBXFileReference; lastKnownFileType = sourcecode.swift; path = SwiftPickApp.swift; sourceTree = "<group>"; };
		47854D1D2BAAEFF1003B93F1 /* ContentView.swift */ = {isa = PBXFileReference; lastKnownFileType = sourcecode.swift; path = ContentView.swift; sourceTree = "<group>"; };
		47854D1F2BAAEFF5003B93F1 /* Assets.xcassets */ = {isa = PBXFileReference; lastKnownFileType = folder.assetcatalog; path = Assets.xcassets; sourceTree = "<group>"; };
		47854D222BAAEFF5003B93F1 /* Preview Assets.xcassets */ = {isa = PBXFileReference; lastKnownFileType = folder.assetcatalog; path = "Preview Assets.xcassets"; sourceTree = "<group>"; };
		4792E3B82C76214000982637 /* Shopping.swift */ = {isa = PBXFileReference; lastKnownFileType = sourcecode.swift; path = Shopping.swift; sourceTree = "<group>"; };
		4792E3BA2C76214F00982637 /* ShoppingList.swift */ = {isa = PBXFileReference; lastKnownFileType = sourcecode.swift; path = ShoppingList.swift; sourceTree = "<group>"; };
		4792E3BD2C76427D00982637 /* Beaches.swift */ = {isa = PBXFileReference; lastKnownFileType = sourcecode.swift; path = Beaches.swift; sourceTree = "<group>"; };
		4792E3BF2C76428C00982637 /* BeachesList.swift */ = {isa = PBXFileReference; lastKnownFileType = sourcecode.swift; path = BeachesList.swift; sourceTree = "<group>"; };
		4792E3C22C764BD000982637 /* Hiking.swift */ = {isa = PBXFileReference; lastKnownFileType = sourcecode.swift; name = Hiking.swift; path = SwiftPick/Hiking.swift; sourceTree = SOURCE_ROOT; };
		4792E3C82C764E7C00982637 /* HikingList.swift */ = {isa = PBXFileReference; lastKnownFileType = sourcecode.swift; path = HikingList.swift; sourceTree = "<group>"; };
		4792E3CF2C778E2500982637 /* CommonBottomView.swift */ = {isa = PBXFileReference; lastKnownFileType = sourcecode.swift; path = CommonBottomView.swift; sourceTree = "<group>"; };
		4792E3D22C7DFACB00982637 /* ProfileView.swift */ = {isa = PBXFileReference; lastKnownFileType = sourcecode.swift; path = ProfileView.swift; sourceTree = "<group>"; };
		479AEC132C9D926B009B444A /* GoogleService-Info.plist */ = {isa = PBXFileReference; fileEncoding = 4; lastKnownFileType = text.plist.xml; path = "GoogleService-Info.plist"; sourceTree = "<group>"; };
		479AEC162C9D951F009B444A /* RegisterViewController.swift */ = {isa = PBXFileReference; lastKnownFileType = sourcecode.swift; path = RegisterViewController.swift; sourceTree = "<group>"; };
		479AEC182C9D9DDA009B444A /* LoginViewModel.swift */ = {isa = PBXFileReference; lastKnownFileType = sourcecode.swift; path = LoginViewModel.swift; sourceTree = "<group>"; };
		47BF8C952BCE5D300002CE15 /* CustomTextField.swift */ = {isa = PBXFileReference; lastKnownFileType = sourcecode.swift; path = CustomTextField.swift; sourceTree = "<group>"; };
		47BF8C972BCE5DBF0002CE15 /* CustomSecureField.swift */ = {isa = PBXFileReference; lastKnownFileType = sourcecode.swift; path = CustomSecureField.swift; sourceTree = "<group>"; };
		47BF8C992BCE6BBF0002CE15 /* RegisterScreen.swift */ = {isa = PBXFileReference; lastKnownFileType = sourcecode.swift; path = RegisterScreen.swift; sourceTree = "<group>"; };
		47BF8C9C2BCE74080002CE15 /* LandingScreen.swift */ = {isa = PBXFileReference; lastKnownFileType = sourcecode.swift; path = LandingScreen.swift; sourceTree = "<group>"; };
		47C08A2E2BDFE1430017D153 /* BlondiePage.swift */ = {isa = PBXFileReference; lastKnownFileType = sourcecode.swift; path = BlondiePage.swift; sourceTree = "<group>"; };
		47CE4CBE2BD169F0006806E9 /* YTPage.swift */ = {isa = PBXFileReference; lastKnownFileType = sourcecode.swift; path = YTPage.swift; sourceTree = "<group>"; };
		47CE4CC12BD29A03006806E9 /* WaitingRoomPage.swift */ = {isa = PBXFileReference; lastKnownFileType = sourcecode.swift; path = WaitingRoomPage.swift; sourceTree = "<group>"; };
/* End PBXFileReference section */

/* Begin PBXFrameworksBuildPhase section */
		47854D152BAAEFF1003B93F1 /* Frameworks */ = {
			isa = PBXFrameworksBuildPhase;
			buildActionMask = 2147483647;
			files = (
				479AEC122C9D9101009B444A /* FirebaseDatabase in Frameworks */,
				479AEC0E2C9D9101009B444A /* FirebaseAnalytics in Frameworks */,
				479AEC102C9D9101009B444A /* FirebaseAuth in Frameworks */,
			);
			runOnlyForDeploymentPostprocessing = 0;
		};
/* End PBXFrameworksBuildPhase section */

/* Begin PBXGroup section */
		47136A0D2BB3FE8000710AF8 /* Fonts */ = {
			isa = PBXGroup;
			children = (
				47663D6A2BCEB6F500A79765 /* ShadowsIntoLight-Regular.ttf */,
				47136A0E2BB3FE8000710AF8 /* Pacifico-Regular.ttf */,
				47136A112BB4043A00710AF8 /* IndieFlower-Regular.ttf */,
			);
			path = Fonts;
			sourceTree = "<group>";
		};
		474B45CD2C74ECFF009F4021 /* Clubs */ = {
			isa = PBXGroup;
			children = (
				474B45D02C74EDF2009F4021 /* Clubs.swift */,
				474B45D22C74EEA2009F4021 /* ClubList.swift */,
			);
			name = Clubs;
			path = ../Clubs;
			sourceTree = "<group>";
		};
		474B45CE2C74ED1D009F4021 /* Bars */ = {
			isa = PBXGroup;
			children = (
				474B45BE2C739EA5009F4021 /* BarList.swift */,
				474B45C42C73A507009F4021 /* Bars.swift */,
			);
			name = Bars;
			path = View/Bars;
			sourceTree = "<group>";
		};
		474B45CF2C74ED48009F4021 /* POI Pages */ = {
			isa = PBXGroup;
			children = (
				474B45DA2C7529D3009F4021 /* Barcadia Page */,
				47C08A2D2BDFE1080017D153 /* Blondie Page */,
				47CE4CCD2BD3F5E4006806E9 /* Therapy Page */,
				47CE4CCB2BD3F53C006806E9 /* Drama Page */,
				47CE4CC02BD299DF006806E9 /* Waiting Room Page */,
				47CE4CBD2BD169CE006806E9 /* YT Page */,
			);
			name = "POI Pages";
			path = "../POI Pages";
			sourceTree = "<group>";
		};
		474B45D52C7513BC009F4021 /* Restaurants */ = {
			isa = PBXGroup;
			children = (
				474B45D62C7513F8009F4021 /* Restaurants.swift */,
				474B45D82C75140D009F4021 /* RestaurantsList.swift */,
			);
			name = Restaurants;
			path = ../Restaurants;
			sourceTree = "<group>";
		};
		474B45DA2C7529D3009F4021 /* Barcadia Page */ = {
			isa = PBXGroup;
			children = (
				474B45DB2C7529FC009F4021 /* BarcadiaView.swift */,
			);
			path = "Barcadia Page";
			sourceTree = "<group>";
		};
		47663D692BCEB6F500A79765 /* Shadows_Into_Light */ = {
			isa = PBXGroup;
			children = (
				47663D6B2BCEB6F500A79765 /* OFL.txt */,
			);
			path = Shadows_Into_Light;
			sourceTree = "<group>";
		};
		47854D0F2BAAEFF0003B93F1 = {
			isa = PBXGroup;
			children = (
				479AEC152C9D94FF009B444A /* ViewControllers */,
				47854D1A2BAAEFF1003B93F1 /* SwiftPick */,
				47854D192BAAEFF1003B93F1 /* Products */,
				479AEC0C2C9D9101009B444A /* Frameworks */,
			);
			sourceTree = "<group>";
		};
		47854D192BAAEFF1003B93F1 /* Products */ = {
			isa = PBXGroup;
			children = (
				47854D182BAAEFF1003B93F1 /* SwiftPick.app */,
			);
			name = Products;
			sourceTree = "<group>";
		};
		47854D1A2BAAEFF1003B93F1 /* SwiftPick */ = {
			isa = PBXGroup;
			children = (
				4792E3D12C7DFA5100982637 /* Profile */,
				4792E3CE2C778E1300982637 /* CommonBottom */,
				4792E3C52C764E4B00982637 /* Hiking */,
				47BF8C9B2BCE6BF30002CE15 /* View */,
				474B45CD2C74ECFF009F4021 /* Clubs */,
				474B45D52C7513BC009F4021 /* Restaurants */,
				4792E3B52C76210500982637 /* Shopping */,
				474B45CE2C74ED1D009F4021 /* Bars */,
				4792E3BC2C76424800982637 /* Beaches */,
				474B45CF2C74ED48009F4021 /* POI Pages */,
				47BF8C942BCE5D0C0002CE15 /* Components */,
				47136A102BB3FF5100710AF8 /* Info.plist */,
				479AEC132C9D926B009B444A /* GoogleService-Info.plist */,
				47136A0D2BB3FE8000710AF8 /* Fonts */,
				47854D1B2BAAEFF1003B93F1 /* SwiftPickApp.swift */,
				47854D1D2BAAEFF1003B93F1 /* ContentView.swift */,
				47854D1F2BAAEFF5003B93F1 /* Assets.xcassets */,
				47854D212BAAEFF5003B93F1 /* Preview Content */,
			);
			path = SwiftPick;
			sourceTree = "<group>";
		};
		47854D212BAAEFF5003B93F1 /* Preview Content */ = {
			isa = PBXGroup;
			children = (
				47663D692BCEB6F500A79765 /* Shadows_Into_Light */,
				47854D222BAAEFF5003B93F1 /* Preview Assets.xcassets */,
			);
			path = "Preview Content";
			sourceTree = "<group>";
		};
		4792E3B52C76210500982637 /* Shopping */ = {
			isa = PBXGroup;
			children = (
				4792E3B82C76214000982637 /* Shopping.swift */,
				4792E3BA2C76214F00982637 /* ShoppingList.swift */,
			);
			path = Shopping;
			sourceTree = "<group>";
		};
		4792E3BC2C76424800982637 /* Beaches */ = {
			isa = PBXGroup;
			children = (
				4792E3BD2C76427D00982637 /* Beaches.swift */,
				4792E3BF2C76428C00982637 /* BeachesList.swift */,
			);
			name = Beaches;
			path = ../Beaches;
			sourceTree = "<group>";
		};
		4792E3C52C764E4B00982637 /* Hiking */ = {
			isa = PBXGroup;
			children = (
				4792E3C22C764BD000982637 /* Hiking.swift */,
				4792E3C82C764E7C00982637 /* HikingList.swift */,
			);
			path = Hiking;
			sourceTree = "<group>";
		};
		4792E3CE2C778E1300982637 /* CommonBottom */ = {
			isa = PBXGroup;
			children = (
				4792E3CF2C778E2500982637 /* CommonBottomView.swift */,
			);
			path = CommonBottom;
			sourceTree = "<group>";
		};
		4792E3D12C7DFA5100982637 /* Profile */ = {
			isa = PBXGroup;
			children = (
				4792E3D22C7DFACB00982637 /* ProfileView.swift */,
			);
			path = Profile;
			sourceTree = "<group>";
		};
		479AEC0C2C9D9101009B444A /* Frameworks */ = {
			isa = PBXGroup;
			children = (
			);
			name = Frameworks;
			sourceTree = "<group>";
		};
		479AEC152C9D94FF009B444A /* ViewControllers */ = {
			isa = PBXGroup;
			children = (
				479AEC162C9D951F009B444A /* RegisterViewController.swift */,
				479AEC182C9D9DDA009B444A /* LoginViewModel.swift */,
			);
			path = ViewControllers;
			sourceTree = "<group>";
		};
		47BF8C942BCE5D0C0002CE15 /* Components */ = {
			isa = PBXGroup;
			children = (
				47BF8C952BCE5D300002CE15 /* CustomTextField.swift */,
				47BF8C972BCE5DBF0002CE15 /* CustomSecureField.swift */,
			);
			path = Components;
			sourceTree = "<group>";
		};
		47BF8C9B2BCE6BF30002CE15 /* View */ = {
			isa = PBXGroup;
			children = (
				47BF8C9C2BCE74080002CE15 /* LandingScreen.swift */,
				47BF8C992BCE6BBF0002CE15 /* RegisterScreen.swift */,
				47136A152BB4182900710AF8 /* LoginScreen.swift */,
				474B45B82C7372E8009F4021 /* HomeView2.swift */,
			);
			path = View;
			sourceTree = "<group>";
		};
		47C08A2D2BDFE1080017D153 /* Blondie Page */ = {
			isa = PBXGroup;
			children = (
				47C08A2E2BDFE1430017D153 /* BlondiePage.swift */,
			);
			name = "Blondie Page";
			path = "../SwiftPick/View/Blondie Page";
			sourceTree = "<group>";
		};
		47CE4CBD2BD169CE006806E9 /* YT Page */ = {
			isa = PBXGroup;
			children = (
				47CE4CBE2BD169F0006806E9 /* YTPage.swift */,
			);
			name = "YT Page";
			path = "../SwiftPick/View/YT Page";
			sourceTree = "<group>";
		};
		47CE4CC02BD299DF006806E9 /* Waiting Room Page */ = {
			isa = PBXGroup;
			children = (
				47CE4CC12BD29A03006806E9 /* WaitingRoomPage.swift */,
			);
			name = "Waiting Room Page";
			path = "../SwiftPick/View/Waiting Room Page";
			sourceTree = "<group>";
		};
		47CE4CCB2BD3F53C006806E9 /* Drama Page */ = {
			isa = PBXGroup;
			children = (
			);
			name = "Drama Page";
			path = "../SwiftPick/View/Drama Page";
			sourceTree = "<group>";
		};
		47CE4CCD2BD3F5E4006806E9 /* Therapy Page */ = {
			isa = PBXGroup;
			children = (
				474B45B62C6BBA24009F4021 /* TherapyPage.swift */,
				4717943E2BEA619800D97135 /* TherapyPageViewController.swift */,
				471794402BEA64CA00D97135 /* BaseHostingViewController.swift */,
			);
			name = "Therapy Page";
			path = "../SwiftPick/View/Therapy Page";
			sourceTree = "<group>";
		};
/* End PBXGroup section */

/* Begin PBXNativeTarget section */
		47854D172BAAEFF1003B93F1 /* SwiftPick */ = {
			isa = PBXNativeTarget;
			buildConfigurationList = 47854D262BAAEFF5003B93F1 /* Build configuration list for PBXNativeTarget "SwiftPick" */;
			buildPhases = (
				47854D142BAAEFF1003B93F1 /* Sources */,
				47854D152BAAEFF1003B93F1 /* Frameworks */,
				47854D162BAAEFF1003B93F1 /* Resources */,
			);
			buildRules = (
			);
			dependencies = (
			);
			name = SwiftPick;
			packageProductDependencies = (
				479AEC0D2C9D9101009B444A /* FirebaseAnalytics */,
				479AEC0F2C9D9101009B444A /* FirebaseAuth */,
				479AEC112C9D9101009B444A /* FirebaseDatabase */,
			);
			productName = SwiftPick;
			productReference = 47854D182BAAEFF1003B93F1 /* SwiftPick.app */;
			productType = "com.apple.product-type.application";
		};
/* End PBXNativeTarget section */

/* Begin PBXProject section */
		47854D102BAAEFF0003B93F1 /* Project object */ = {
			isa = PBXProject;
			attributes = {
				BuildIndependentTargetsInParallel = 1;
				LastSwiftUpdateCheck = 1520;
				LastUpgradeCheck = 1520;
				TargetAttributes = {
					47854D172BAAEFF1003B93F1 = {
						CreatedOnToolsVersion = 15.2;
					};
				};
			};
			buildConfigurationList = 47854D132BAAEFF0003B93F1 /* Build configuration list for PBXProject "SwiftPick" */;
			compatibilityVersion = "Xcode 14.0";
			developmentRegion = en;
			hasScannedForEncodings = 0;
			knownRegions = (
				en,
				Base,
				"en-GB",
			);
			mainGroup = 47854D0F2BAAEFF0003B93F1;
			packageReferences = (
				479AEC0B2C9D909B009B444A /* XCRemoteSwiftPackageReference "firebase-ios-sdk" */,
			);
			productRefGroup = 47854D192BAAEFF1003B93F1 /* Products */;
			projectDirPath = "";
			projectRoot = "";
			targets = (
				47854D172BAAEFF1003B93F1 /* SwiftPick */,
			);
		};
/* End PBXProject section */

/* Begin PBXResourcesBuildPhase section */
		47854D162BAAEFF1003B93F1 /* Resources */ = {
			isa = PBXResourcesBuildPhase;
			buildActionMask = 2147483647;
			files = (
				47663D6D2BCEB6F500A79765 /* OFL.txt in Resources */,
				47136A0F2BB3FE8000710AF8 /* Pacifico-Regular.ttf in Resources */,
				47663D6C2BCEB6F500A79765 /* ShadowsIntoLight-Regular.ttf in Resources */,
				47854D232BAAEFF5003B93F1 /* Preview Assets.xcassets in Resources */,
				47136A122BB4043A00710AF8 /* IndieFlower-Regular.ttf in Resources */,
				47854D202BAAEFF5003B93F1 /* Assets.xcassets in Resources */,
				479AEC142C9D926B009B444A /* GoogleService-Info.plist in Resources */,
			);
			runOnlyForDeploymentPostprocessing = 0;
		};
/* End PBXResourcesBuildPhase section */

/* Begin PBXSourcesBuildPhase section */
		47854D142BAAEFF1003B93F1 /* Sources */ = {
			isa = PBXSourcesBuildPhase;
			buildActionMask = 2147483647;
			files = (
				47BF8C9D2BCE74080002CE15 /* LandingScreen.swift in Sources */,
				47BF8C9A2BCE6BC00002CE15 /* RegisterScreen.swift in Sources */,
				4717943F2BEA619800D97135 /* TherapyPageViewController.swift in Sources */,
				4792E3C02C76428C00982637 /* BeachesList.swift in Sources */,
				474B45D32C74EEA2009F4021 /* ClubList.swift in Sources */,
				47BF8C962BCE5D300002CE15 /* CustomTextField.swift in Sources */,
				47CE4CBF2BD169F0006806E9 /* YTPage.swift in Sources */,
				47854D1E2BAAEFF1003B93F1 /* ContentView.swift in Sources */,
				474B45DC2C7529FC009F4021 /* BarcadiaView.swift in Sources */,
				47CE4CC22BD29A03006806E9 /* WaitingRoomPage.swift in Sources */,
				4792E3C92C764E7C00982637 /* HikingList.swift in Sources */,
				4792E3D32C7DFACB00982637 /* ProfileView.swift in Sources */,
				47BF8C982BCE5DBF0002CE15 /* CustomSecureField.swift in Sources */,
				471794412BEA64CA00D97135 /* BaseHostingViewController.swift in Sources */,
				4792E3B92C76214000982637 /* Shopping.swift in Sources */,
				47854D1C2BAAEFF1003B93F1 /* SwiftPickApp.swift in Sources */,
				47C08A2F2BDFE1430017D153 /* BlondiePage.swift in Sources */,
				479AEC192C9D9DDA009B444A /* LoginViewModel.swift in Sources */,
				4792E3C32C764BD000982637 /* Hiking.swift in Sources */,
				47136A162BB4182900710AF8 /* LoginScreen.swift in Sources */,
				474B45D12C74EDF2009F4021 /* Clubs.swift in Sources */,
				474B45B72C6BBA25009F4021 /* TherapyPage.swift in Sources */,
				479AEC172C9D951F009B444A /* RegisterViewController.swift in Sources */,
				474B45C52C73A507009F4021 /* Bars.swift in Sources */,
				474B45D92C75140D009F4021 /* RestaurantsList.swift in Sources */,
				4792E3D02C778E2500982637 /* CommonBottomView.swift in Sources */,
				4792E3BE2C76427D00982637 /* Beaches.swift in Sources */,
				4792E3BB2C76214F00982637 /* ShoppingList.swift in Sources */,
				474B45BF2C739EA5009F4021 /* BarList.swift in Sources */,
				474B45B92C7372E8009F4021 /* HomeView2.swift in Sources */,
				474B45D72C7513F8009F4021 /* Restaurants.swift in Sources */,
			);
			runOnlyForDeploymentPostprocessing = 0;
		};
/* End PBXSourcesBuildPhase section */

/* Begin XCBuildConfiguration section */
		47854D242BAAEFF5003B93F1 /* Debug */ = {
			isa = XCBuildConfiguration;
			buildSettings = {
				ALWAYS_SEARCH_USER_PATHS = NO;
				ASSETCATALOG_COMPILER_GENERATE_SWIFT_ASSET_SYMBOL_EXTENSIONS = YES;
				CLANG_ANALYZER_NONNULL = YES;
				CLANG_ANALYZER_NUMBER_OBJECT_CONVERSION = YES_AGGRESSIVE;
				CLANG_CXX_LANGUAGE_STANDARD = "gnu++20";
				CLANG_ENABLE_MODULES = YES;
				CLANG_ENABLE_OBJC_ARC = YES;
				CLANG_ENABLE_OBJC_WEAK = YES;
				CLANG_WARN_BLOCK_CAPTURE_AUTORELEASING = YES;
				CLANG_WARN_BOOL_CONVERSION = YES;
				CLANG_WARN_COMMA = YES;
				CLANG_WARN_CONSTANT_CONVERSION = YES;
				CLANG_WARN_DEPRECATED_OBJC_IMPLEMENTATIONS = YES;
				CLANG_WARN_DIRECT_OBJC_ISA_USAGE = YES_ERROR;
				CLANG_WARN_DOCUMENTATION_COMMENTS = YES;
				CLANG_WARN_EMPTY_BODY = YES;
				CLANG_WARN_ENUM_CONVERSION = YES;
				CLANG_WARN_INFINITE_RECURSION = YES;
				CLANG_WARN_INT_CONVERSION = YES;
				CLANG_WARN_NON_LITERAL_NULL_CONVERSION = YES;
				CLANG_WARN_OBJC_IMPLICIT_RETAIN_SELF = YES;
				CLANG_WARN_OBJC_LITERAL_CONVERSION = YES;
				CLANG_WARN_OBJC_ROOT_CLASS = YES_ERROR;
				CLANG_WARN_QUOTED_INCLUDE_IN_FRAMEWORK_HEADER = YES;
				CLANG_WARN_RANGE_LOOP_ANALYSIS = YES;
				CLANG_WARN_STRICT_PROTOTYPES = YES;
				CLANG_WARN_SUSPICIOUS_MOVE = YES;
				CLANG_WARN_UNGUARDED_AVAILABILITY = YES_AGGRESSIVE;
				CLANG_WARN_UNREACHABLE_CODE = YES;
				CLANG_WARN__DUPLICATE_METHOD_MATCH = YES;
				COPY_PHASE_STRIP = NO;
				DEBUG_INFORMATION_FORMAT = dwarf;
				ENABLE_STRICT_OBJC_MSGSEND = YES;
				ENABLE_TESTABILITY = YES;
				ENABLE_USER_SCRIPT_SANDBOXING = YES;
				GCC_C_LANGUAGE_STANDARD = gnu17;
				GCC_DYNAMIC_NO_PIC = NO;
				GCC_NO_COMMON_BLOCKS = YES;
				GCC_OPTIMIZATION_LEVEL = 0;
				GCC_PREPROCESSOR_DEFINITIONS = (
					"DEBUG=1",
					"$(inherited)",
				);
				GCC_WARN_64_TO_32_BIT_CONVERSION = YES;
				GCC_WARN_ABOUT_RETURN_TYPE = YES_ERROR;
				GCC_WARN_UNDECLARED_SELECTOR = YES;
				GCC_WARN_UNINITIALIZED_AUTOS = YES_AGGRESSIVE;
				GCC_WARN_UNUSED_FUNCTION = YES;
				GCC_WARN_UNUSED_VARIABLE = YES;
				IPHONEOS_DEPLOYMENT_TARGET = 17.2;
				LOCALIZATION_PREFERS_STRING_CATALOGS = YES;
				MTL_ENABLE_DEBUG_INFO = INCLUDE_SOURCE;
				MTL_FAST_MATH = YES;
				ONLY_ACTIVE_ARCH = YES;
				SDKROOT = iphoneos;
				SWIFT_ACTIVE_COMPILATION_CONDITIONS = "DEBUG $(inherited)";
				SWIFT_OPTIMIZATION_LEVEL = "-Onone";
			};
			name = Debug;
		};
		47854D252BAAEFF5003B93F1 /* Release */ = {
			isa = XCBuildConfiguration;
			buildSettings = {
				ALWAYS_SEARCH_USER_PATHS = NO;
				ASSETCATALOG_COMPILER_GENERATE_SWIFT_ASSET_SYMBOL_EXTENSIONS = YES;
				CLANG_ANALYZER_NONNULL = YES;
				CLANG_ANALYZER_NUMBER_OBJECT_CONVERSION = YES_AGGRESSIVE;
				CLANG_CXX_LANGUAGE_STANDARD = "gnu++20";
				CLANG_ENABLE_MODULES = YES;
				CLANG_ENABLE_OBJC_ARC = YES;
				CLANG_ENABLE_OBJC_WEAK = YES;
				CLANG_WARN_BLOCK_CAPTURE_AUTORELEASING = YES;
				CLANG_WARN_BOOL_CONVERSION = YES;
				CLANG_WARN_COMMA = YES;
				CLANG_WARN_CONSTANT_CONVERSION = YES;
				CLANG_WARN_DEPRECATED_OBJC_IMPLEMENTATIONS = YES;
				CLANG_WARN_DIRECT_OBJC_ISA_USAGE = YES_ERROR;
				CLANG_WARN_DOCUMENTATION_COMMENTS = YES;
				CLANG_WARN_EMPTY_BODY = YES;
				CLANG_WARN_ENUM_CONVERSION = YES;
				CLANG_WARN_INFINITE_RECURSION = YES;
				CLANG_WARN_INT_CONVERSION = YES;
				CLANG_WARN_NON_LITERAL_NULL_CONVERSION = YES;
				CLANG_WARN_OBJC_IMPLICIT_RETAIN_SELF = YES;
				CLANG_WARN_OBJC_LITERAL_CONVERSION = YES;
				CLANG_WARN_OBJC_ROOT_CLASS = YES_ERROR;
				CLANG_WARN_QUOTED_INCLUDE_IN_FRAMEWORK_HEADER = YES;
				CLANG_WARN_RANGE_LOOP_ANALYSIS = YES;
				CLANG_WARN_STRICT_PROTOTYPES = YES;
				CLANG_WARN_SUSPICIOUS_MOVE = YES;
				CLANG_WARN_UNGUARDED_AVAILABILITY = YES_AGGRESSIVE;
				CLANG_WARN_UNREACHABLE_CODE = YES;
				CLANG_WARN__DUPLICATE_METHOD_MATCH = YES;
				COPY_PHASE_STRIP = NO;
				DEBUG_INFORMATION_FORMAT = "dwarf-with-dsym";
				ENABLE_NS_ASSERTIONS = NO;
				ENABLE_STRICT_OBJC_MSGSEND = YES;
				ENABLE_USER_SCRIPT_SANDBOXING = YES;
				GCC_C_LANGUAGE_STANDARD = gnu17;
				GCC_NO_COMMON_BLOCKS = YES;
				GCC_WARN_64_TO_32_BIT_CONVERSION = YES;
				GCC_WARN_ABOUT_RETURN_TYPE = YES_ERROR;
				GCC_WARN_UNDECLARED_SELECTOR = YES;
				GCC_WARN_UNINITIALIZED_AUTOS = YES_AGGRESSIVE;
				GCC_WARN_UNUSED_FUNCTION = YES;
				GCC_WARN_UNUSED_VARIABLE = YES;
				IPHONEOS_DEPLOYMENT_TARGET = 17.2;
				LOCALIZATION_PREFERS_STRING_CATALOGS = YES;
				MTL_ENABLE_DEBUG_INFO = NO;
				MTL_FAST_MATH = YES;
				SDKROOT = iphoneos;
				SWIFT_COMPILATION_MODE = wholemodule;
				VALIDATE_PRODUCT = YES;
			};
			name = Release;
		};
		47854D272BAAEFF5003B93F1 /* Debug */ = {
			isa = XCBuildConfiguration;
			buildSettings = {
				ASSETCATALOG_COMPILER_APPICON_NAME = AppIcon;
				ASSETCATALOG_COMPILER_GLOBAL_ACCENT_COLOR_NAME = AccentColor;
				CODE_SIGN_STYLE = Automatic;
				CURRENT_PROJECT_VERSION = 1;
				DEVELOPMENT_ASSET_PATHS = "\"SwiftPick/Preview Content\"";
				DEVELOPMENT_TEAM = K9Q99Q5H2D;
				ENABLE_PREVIEWS = YES;
				GENERATE_INFOPLIST_FILE = YES;
				INFOPLIST_FILE = SwiftPick/Info.plist;
				INFOPLIST_KEY_LSApplicationCategoryType = "\"\"";
				INFOPLIST_KEY_UIApplicationSceneManifest_Generation = YES;
				INFOPLIST_KEY_UIApplicationSupportsIndirectInputEvents = YES;
				INFOPLIST_KEY_UILaunchScreen_Generation = YES;
				INFOPLIST_KEY_UISupportedInterfaceOrientations_iPad = "UIInterfaceOrientationPortrait UIInterfaceOrientationPortraitUpsideDown UIInterfaceOrientationLandscapeLeft UIInterfaceOrientationLandscapeRight";
				INFOPLIST_KEY_UISupportedInterfaceOrientations_iPhone = "UIInterfaceOrientationPortrait UIInterfaceOrientationLandscapeLeft UIInterfaceOrientationLandscapeRight";
				LD_RUNPATH_SEARCH_PATHS = (
					"$(inherited)",
					"@executable_path/Frameworks",
				);
				MARKETING_VERSION = 1.0;
				PRODUCT_BUNDLE_IDENTIFIER = com.kgosi.SwiftPick;
				PRODUCT_NAME = "$(TARGET_NAME)";
				SWIFT_EMIT_LOC_STRINGS = YES;
				SWIFT_VERSION = 5.0;
				TARGETED_DEVICE_FAMILY = "1,2";
			};
			name = Debug;
		};
		47854D282BAAEFF5003B93F1 /* Release */ = {
			isa = XCBuildConfiguration;
			buildSettings = {
				ASSETCATALOG_COMPILER_APPICON_NAME = AppIcon;
				ASSETCATALOG_COMPILER_GLOBAL_ACCENT_COLOR_NAME = AccentColor;
				CODE_SIGN_STYLE = Automatic;
				CURRENT_PROJECT_VERSION = 1;
				DEVELOPMENT_ASSET_PATHS = "\"SwiftPick/Preview Content\"";
				DEVELOPMENT_TEAM = K9Q99Q5H2D;
				ENABLE_PREVIEWS = YES;
				GENERATE_INFOPLIST_FILE = YES;
				INFOPLIST_FILE = SwiftPick/Info.plist;
				INFOPLIST_KEY_LSApplicationCategoryType = "\"\"";
				INFOPLIST_KEY_UIApplicationSceneManifest_Generation = YES;
				INFOPLIST_KEY_UIApplicationSupportsIndirectInputEvents = YES;
				INFOPLIST_KEY_UILaunchScreen_Generation = YES;
				INFOPLIST_KEY_UISupportedInterfaceOrientations_iPad = "UIInterfaceOrientationPortrait UIInterfaceOrientationPortraitUpsideDown UIInterfaceOrientationLandscapeLeft UIInterfaceOrientationLandscapeRight";
				INFOPLIST_KEY_UISupportedInterfaceOrientations_iPhone = "UIInterfaceOrientationPortrait UIInterfaceOrientationLandscapeLeft UIInterfaceOrientationLandscapeRight";
				LD_RUNPATH_SEARCH_PATHS = (
					"$(inherited)",
					"@executable_path/Frameworks",
				);
				MARKETING_VERSION = 1.0;
				PRODUCT_BUNDLE_IDENTIFIER = com.kgosi.SwiftPick;
				PRODUCT_NAME = "$(TARGET_NAME)";
				SWIFT_EMIT_LOC_STRINGS = YES;
				SWIFT_VERSION = 5.0;
				TARGETED_DEVICE_FAMILY = "1,2";
			};
			name = Release;
		};
/* End XCBuildConfiguration section */

/* Begin XCConfigurationList section */
		47854D132BAAEFF0003B93F1 /* Build configuration list for PBXProject "SwiftPick" */ = {
			isa = XCConfigurationList;
			buildConfigurations = (
				47854D242BAAEFF5003B93F1 /* Debug */,
				47854D252BAAEFF5003B93F1 /* Release */,
			);
			defaultConfigurationIsVisible = 0;
			defaultConfigurationName = Release;
		};
		47854D262BAAEFF5003B93F1 /* Build configuration list for PBXNativeTarget "SwiftPick" */ = {
			isa = XCConfigurationList;
			buildConfigurations = (
				47854D272BAAEFF5003B93F1 /* Debug */,
				47854D282BAAEFF5003B93F1 /* Release */,
			);
			defaultConfigurationIsVisible = 0;
			defaultConfigurationName = Release;
		};
/* End XCConfigurationList section */

/* Begin XCRemoteSwiftPackageReference section */
		479AEC0B2C9D909B009B444A /* XCRemoteSwiftPackageReference "firebase-ios-sdk" */ = {
			isa = XCRemoteSwiftPackageReference;
			repositoryURL = "https://github.com/firebase/firebase-ios-sdk";
			requirement = {
				kind = upToNextMajorVersion;
				minimumVersion = 11.2.0;
			};
		};
/* End XCRemoteSwiftPackageReference section */

/* Begin XCSwiftPackageProductDependency section */
		479AEC0D2C9D9101009B444A /* FirebaseAnalytics */ = {
			isa = XCSwiftPackageProductDependency;
			package = 479AEC0B2C9D909B009B444A /* XCRemoteSwiftPackageReference "firebase-ios-sdk" */;
			productName = FirebaseAnalytics;
		};
		479AEC0F2C9D9101009B444A /* FirebaseAuth */ = {
			isa = XCSwiftPackageProductDependency;
			package = 479AEC0B2C9D909B009B444A /* XCRemoteSwiftPackageReference "firebase-ios-sdk" */;
			productName = FirebaseAuth;
		};
		479AEC112C9D9101009B444A /* FirebaseDatabase */ = {
			isa = XCSwiftPackageProductDependency;
			package = 479AEC0B2C9D909B009B444A /* XCRemoteSwiftPackageReference "firebase-ios-sdk" */;
			productName = FirebaseDatabase;
		};
/* End XCSwiftPackageProductDependency section */
	};
	rootObject = 47854D102BAAEFF0003B93F1 /* Project object */;
}
